
Microsoft Visual Studio Solution File, Format Version 12.00
# Visual Studio Version 16
VisualStudioVersion = 16.0.31702.278
MinimumVisualStudioVersion = 10.0.40219.1
Project("{9A19103F-16F7-4668-BE54-9A1E7A4F7556}") = "CSharpTestingSorting", "CSharpTesting\CSharpTestingSorting.csproj", "{AC3E92D0-31D2-4814-AA54-DA5AB3DAA752}"
EndProject
Project("{9A19103F-16F7-4668-BE54-9A1E7A4F7556}") = "CSharpTestingThreads", "CSharpTestingThreads\CSharpTestingThreads.csproj", "{BCE8FD4E-560E-4C6D-A414-5445802E7A46}"
EndProject
Project("{9A19103F-16F7-4668-BE54-9A1E7A4F7556}") = "Lists", "Lists\Lists.csproj", "{B8852003-1BC0-4A34-B92B-BD981DD83249}"
EndProject
Project("{9A19103F-16F7-4668-BE54-9A1E7A4F7556}") = "ZadatakBinarniBrojevi", "ZadatakBinarniBrojevi\ZadatakBinarniBrojevi.csproj", "{D86D4AA1-091A-4BDF-841D-7A1A4D1AC732}"
EndProject
Project("{FAE04EC0-301F-11D3-BF4B-00C04F79EFBC}") = "arrays", "arrays\arrays.csproj", "{80F59002-7AEF-4C16-ADD3-54A4621A51C4}"
EndProject
Global
	GlobalSection(SolutionConfigurationPlatforms) = preSolution
		Debug|Any CPU = Debug|Any CPU
		Release|Any CPU = Release|Any CPU
	EndGlobalSection
	GlobalSection(ProjectConfigurationPlatforms) = postSolution
		{AC3E92D0-31D2-4814-AA54-DA5AB3DAA752}.Debug|Any CPU.ActiveCfg = Debug|Any CPU
		{AC3E92D0-31D2-4814-AA54-DA5AB3DAA752}.Debug|Any CPU.Build.0 = Debug|Any CPU
		{AC3E92D0-31D2-4814-AA54-DA5AB3DAA752}.Release|Any CPU.ActiveCfg = Release|Any CPU
		{AC3E92D0-31D2-4814-AA54-DA5AB3DAA752}.Release|Any CPU.Build.0 = Release|Any CPU
		{BCE8FD4E-560E-4C6D-A414-5445802E7A46}.Debug|Any CPU.ActiveCfg = Debug|Any CPU
		{BCE8FD4E-560E-4C6D-A414-5445802E7A46}.Debug|Any CPU.Build.0 = Debug|Any CPU
		{BCE8FD4E-560E-4C6D-A414-5445802E7A46}.Release|Any CPU.ActiveCfg = Release|Any CPU
		{BCE8FD4E-560E-4C6D-A414-5445802E7A46}.Release|Any CPU.Build.0 = Release|Any CPU
		{B8852003-1BC0-4A34-B92B-BD981DD83249}.Debug|Any CPU.ActiveCfg = Debug|Any CPU
		{B8852003-1BC0-4A34-B92B-BD981DD83249}.Debug|Any CPU.Build.0 = Debug|Any CPU
		{B8852003-1BC0-4A34-B92B-BD981DD83249}.Release|Any CPU.ActiveCfg = Release|Any CPU
		{B8852003-1BC0-4A34-B92B-BD981DD83249}.Release|Any CPU.Build.0 = Release|Any CPU
		{D86D4AA1-091A-4BDF-841D-7A1A4D1AC732}.Debug|Any CPU.ActiveCfg = Debug|Any CPU
		{D86D4AA1-091A-4BDF-841D-7A1A4D1AC732}.Debug|Any CPU.Build.0 = Debug|Any CPU
		{D86D4AA1-091A-4BDF-841D-7A1A4D1AC732}.Release|Any CPU.ActiveCfg = Release|Any CPU
		{D86D4AA1-091A-4BDF-841D-7A1A4D1AC732}.Release|Any CPU.Build.0 = Release|Any CPU
		{80F59002-7AEF-4C16-ADD3-54A4621A51C4}.Debug|Any CPU.ActiveCfg = Debug|Any CPU
		{80F59002-7AEF-4C16-ADD3-54A4621A51C4}.Debug|Any CPU.Build.0 = Debug|Any CPU
		{80F59002-7AEF-4C16-ADD3-54A4621A51C4}.Release|Any CPU.ActiveCfg = Release|Any CPU
		{80F59002-7AEF-4C16-ADD3-54A4621A51C4}.Release|Any CPU.Build.0 = Release|Any CPU
	EndGlobalSection
	GlobalSection(SolutionProperties) = preSolution
		HideSolutionNode = FALSE
	EndGlobalSection
	GlobalSection(ExtensibilityGlobals) = postSolution
		SolutionGuid = {FA2EACDC-C13B-4813-B651-8211B6295D82}
	EndGlobalSection
EndGlobal
